
Microsoft Visual Studio Solution File, Format Version 12.00
# Visual Studio Version 17
VisualStudioVersion = 17.11.35208.52
MinimumVisualStudioVersion = 10.0.40219.1
Project("{FAE04EC0-301F-11D3-BF4B-00C04F79EFBC}") = "My Books", "My Books\My Books.csproj", "{DADBD62D-E9E8-44C9-8F81-A822A295BA55}"
EndProject
Global
	GlobalSection(SolutionConfigurationPlatforms) = preSolution
		Debug|Any CPU = Debug|Any CPU
		Release|Any CPU = Release|Any CPU
	EndGlobalSection
	GlobalSection(ProjectConfigurationPlatforms) = postSolution
		{DADBD62D-E9E8-44C9-8F81-A822A295BA55}.Debug|Any CPU.ActiveCfg = Debug|Any CPU
		{DADBD62D-E9E8-44C9-8F81-A822A295BA55}.Debug|Any CPU.Build.0 = Debug|Any CPU
		{DADBD62D-E9E8-44C9-8F81-A822A295BA55}.Release|Any CPU.ActiveCfg = Release|Any CPU
		{DADBD62D-E9E8-44C9-8F81-A822A295BA55}.Release|Any CPU.Build.0 = Release|Any CPU
	EndGlobalSection
	GlobalSection(SolutionProperties) = preSolution
		HideSolutionNode = FALSE
	EndGlobalSection
	GlobalSection(ExtensibilityGlobals) = postSolution
		SolutionGuid = {0F036AB2-CC18-45BA-83CD-09543E002060}
	EndGlobalSection
EndGlobal
